<?xml version="1.0" encoding="UTF-8" standalone="yes" ?>
<CodeBlocks_project_file>
	<FileVersion major="1" minor="6" />
	<Project>
		<Option title="probabilisic_build" />
		<Option pch_mode="2" />
		<Option compiler="gcc" />
		<Build>
			<Target title="Debug">
				<Option output="bin/Debug/probabilisic_build" prefix_auto="1" extension_auto="1" />
				<Option object_output="obj/Debug/" />
				<Option type="1" />
				<Option compiler="gcc" />
				<Compiler>
					<Add option="-g" />
					<Add directory="/media/general/src/neron_src/" />
				</Compiler>
				<ResourceCompiler>
					<Add directory="/media/general/src/neron_src/" />
				</ResourceCompiler>
				<Linker>
					<Add directory="/media/general/src/neron_src/" />
				</Linker>
			</Target>
			<Target title="Release">
				<Option output="bin/Release/probabilisic_build" prefix_auto="1" extension_auto="1" />
				<Option object_output="obj/Release/" />
				<Option type="1" />
				<Option compiler="gcc" />
				<Compiler>
					<Add option="-O2" />
				</Compiler>
				<Linker>
					<Add option="-s" />
				</Linker>
			</Target>
		</Build>
		<Compiler>
			<Add option="-Wall" />
			<Add option="-fexceptions" />
		</Compiler>
		<Unit filename="../../../../include/util/math/probabilistic_functions.h" />
		<Unit filename="../../../../src/util/math/probabilistic_functions.cpp" />
		<Unit filename="prob_law_build.cpp" />
		<Extensions>
			<code_completion />
			<debugger />
		</Extensions>
	</Project>
</CodeBlocks_project_file>
